
Microsoft Visual Studio Solution File, Format Version 11.00
# Visual Studio 2010
Project("{FAE04EC0-301F-11D3-BF4B-00C04F79EFBC}") = "PhotoCache.Mobile", "PhotoCache.Mobile.csproj", "{ACCAF45E-A564-40EC-8E85-6C2F8AA4696F}"
EndProject
Global
	GlobalSection(SolutionConfigurationPlatforms) = preSolution
		Debug|Any CPU = Debug|Any CPU
		Release|Any CPU = Release|Any CPU
	EndGlobalSection
	GlobalSection(ProjectConfigurationPlatforms) = postSolution
		{ACCAF45E-A564-40EC-8E85-6C2F8AA4696F}.Debug|Any CPU.ActiveCfg = Debug|Any CPU
		{ACCAF45E-A564-40EC-8E85-6C2F8AA4696F}.Debug|Any CPU.Build.0 = Debug|Any CPU
		{ACCAF45E-A564-40EC-8E85-6C2F8AA4696F}.Release|Any CPU.ActiveCfg = Release|Any CPU
		{ACCAF45E-A564-40EC-8E85-6C2F8AA4696F}.Release|Any CPU.Build.0 = Release|Any CPU
	EndGlobalSection
	GlobalSection(SolutionProperties) = preSolution
		HideSolutionNode = FALSE
	EndGlobalSection
EndGlobal
